
Microsoft Visual Studio Solution File, Format Version 12.00
# Visual Studio 15
VisualStudioVersion = 15.0.27703.2042
MinimumVisualStudioVersion = 10.0.40219.1
Project("{FAE04EC0-301F-11D3-BF4B-00C04F79EFBC}") = "Calculator", "Calculator\Calculator.csproj", "{5EE876A1-D46E-4A37-B464-B751AFC86AA5}"
EndProject
Project("{FAE04EC0-301F-11D3-BF4B-00C04F79EFBC}") = "Calculator.Tests", "Calculator.Tests\Calculator.Tests.csproj", "{C690FDF3-E2A9-4914-AE47-7FC208932B3C}"
EndProject
Global
	GlobalSection(SolutionConfigurationPlatforms) = preSolution
		Debug|Any CPU = Debug|Any CPU
		Release|Any CPU = Release|Any CPU
	EndGlobalSection
	GlobalSection(ProjectConfigurationPlatforms) = postSolution
		{5EE876A1-D46E-4A37-B464-B751AFC86AA5}.Debug|Any CPU.ActiveCfg = Debug|Any CPU
		{5EE876A1-D46E-4A37-B464-B751AFC86AA5}.Debug|Any CPU.Build.0 = Debug|Any CPU
		{5EE876A1-D46E-4A37-B464-B751AFC86AA5}.Release|Any CPU.ActiveCfg = Release|Any CPU
		{5EE876A1-D46E-4A37-B464-B751AFC86AA5}.Release|Any CPU.Build.0 = Release|Any CPU
		{C690FDF3-E2A9-4914-AE47-7FC208932B3C}.Debug|Any CPU.ActiveCfg = Debug|Any CPU
		{C690FDF3-E2A9-4914-AE47-7FC208932B3C}.Debug|Any CPU.Build.0 = Debug|Any CPU
		{C690FDF3-E2A9-4914-AE47-7FC208932B3C}.Release|Any CPU.ActiveCfg = Release|Any CPU
		{C690FDF3-E2A9-4914-AE47-7FC208932B3C}.Release|Any CPU.Build.0 = Release|Any CPU
	EndGlobalSection
	GlobalSection(SolutionProperties) = preSolution
		HideSolutionNode = FALSE
	EndGlobalSection
	GlobalSection(ExtensibilityGlobals) = postSolution
		SolutionGuid = {2C28F2AF-106E-45B4-8A0A-36888CC9EAA0}
	EndGlobalSection
EndGlobal
